{
 "repo_id": "Kentruri/ideographco-corpus",
 "revision": "bac544ad7234be142824b641ee12fb8a2249d220",
 "updated_at": "2026-09-20T15:43:39+00:00",
 "files": {
  "articles.jsonl.gz": {
   "articles": 49447,
   "bytes_raw": 231526980,
   "bytes_gz": 77671490,
   "sha256_raw": "1e66ad99e0853077db0784af606eb71a9b0d002b14f25534d554fd0a5bfb1fb2"
  },
  "articles_unfiltered.jsonl.gz": {
   "articles": 100659,
   "bytes_raw": 441064896,
   "bytes_gz": 147096855,
   "sha256_raw": "9ad4838b677870deb592205228ef54228d85f76541b0cf93281a3d0452277262"
  }
 }
}